
Microsoft Visual Studio Solution File, Format Version 12.00
# Visual Studio Version 17
VisualStudioVersion = 17.0.31903.59
MinimumVisualStudioVersion = 10.0.40219.1
Project("{FAE04EC0-301F-11D3-BF4B-00C04F79EFBC}") = "proyecto de ejemplo", "proyecto de ejemplo\proyecto de ejemplo.csproj", "{81E81537-D24B-4310-BD85-42B471A32EA5}"
EndProject
Project("{FAE04EC0-301F-11D3-BF4B-00C04F79EFBC}") = "pruebas unitarias", "pruebas unitarias\pruebas unitarias.csproj", "{0A67C079-789D-4E49-8B42-3A61DEA07F83}"
EndProject
Global
	GlobalSection(SolutionConfigurationPlatforms) = preSolution
		Debug|Any CPU = Debug|Any CPU
		Release|Any CPU = Release|Any CPU
	EndGlobalSection
	GlobalSection(SolutionProperties) = preSolution
		HideSolutionNode = FALSE
	EndGlobalSection
	GlobalSection(ProjectConfigurationPlatforms) = postSolution
		{81E81537-D24B-4310-BD85-42B471A32EA5}.Debug|Any CPU.ActiveCfg = Debug|Any CPU
		{81E81537-D24B-4310-BD85-42B471A32EA5}.Debug|Any CPU.Build.0 = Debug|Any CPU
		{81E81537-D24B-4310-BD85-42B471A32EA5}.Release|Any CPU.ActiveCfg = Release|Any CPU
		{81E81537-D24B-4310-BD85-42B471A32EA5}.Release|Any CPU.Build.0 = Release|Any CPU
		{0A67C079-789D-4E49-8B42-3A61DEA07F83}.Debug|Any CPU.ActiveCfg = Debug|Any CPU
		{0A67C079-789D-4E49-8B42-3A61DEA07F83}.Debug|Any CPU.Build.0 = Debug|Any CPU
		{0A67C079-789D-4E49-8B42-3A61DEA07F83}.Release|Any CPU.ActiveCfg = Release|Any CPU
		{0A67C079-789D-4E49-8B42-3A61DEA07F83}.Release|Any CPU.Build.0 = Release|Any CPU
	EndGlobalSection
EndGlobal
